
Microsoft Visual Studio Solution File, Format Version 12.00
# Visual Studio Version 16
VisualStudioVersion = 16.0.31112.23
MinimumVisualStudioVersion = 10.0.40219.1
Project("{FAE04EC0-301F-11D3-BF4B-00C04F79EFBC}") = "BlazorDemo", "BlazorDemo\BlazorDemo.csproj", "{3FBA5C87-0099-48B5-BC18-DA1D7C4EE261}"
EndProject
Global
	GlobalSection(SolutionConfigurationPlatforms) = preSolution
		Debug|Any CPU = Debug|Any CPU
		Release|Any CPU = Release|Any CPU
	EndGlobalSection
	GlobalSection(ProjectConfigurationPlatforms) = postSolution
		{3FBA5C87-0099-48B5-BC18-DA1D7C4EE261}.Debug|Any CPU.ActiveCfg = Debug|Any CPU
		{3FBA5C87-0099-48B5-BC18-DA1D7C4EE261}.Debug|Any CPU.Build.0 = Debug|Any CPU
		{3FBA5C87-0099-48B5-BC18-DA1D7C4EE261}.Release|Any CPU.ActiveCfg = Release|Any CPU
		{3FBA5C87-0099-48B5-BC18-DA1D7C4EE261}.Release|Any CPU.Build.0 = Release|Any CPU
	EndGlobalSection
	GlobalSection(SolutionProperties) = preSolution
		HideSolutionNode = FALSE
	EndGlobalSection
	GlobalSection(ExtensibilityGlobals) = postSolution
		SolutionGuid = {385F65A2-A0B7-469C-8BE8-F7EDF6BDDEB9}
	EndGlobalSection
EndGlobal
